// !$*UTF8*$!
{
	archiveVersion = 1;
	classes = {
	};
	objectVersion = 55;
	objects = {

/* Begin PBXBuildFile section */
		B6116D44291A45AC00123494 /* load_project.swift in Sources */ = {isa = PBXBuildFile; fileRef = B6116D43291A45AC00123494 /* load_project.swift */; };
		B6116D46291EE46100123494 /* filePicker.swift in Sources */ = {isa = PBXBuildFile; fileRef = B6116D45291EE46100123494 /* filePicker.swift */; };
		B6116D48292863C700123494 /* TNAnnotationSettings.swift in Sources */ = {isa = PBXBuildFile; fileRef = B6116D47292863C700123494 /* TNAnnotationSettings.swift */; };
		B6116D4A2939C4FA00123494 /* Item.swift in Sources */ = {isa = PBXBuildFile; fileRef = B6116D492939C4FA00123494 /* Item.swift */; };
		B6116D4C2939C76400123494 /* AnnotationModel.swift in Sources */ = {isa = PBXBuildFile; fileRef = B6116D4B2939C76400123494 /* AnnotationModel.swift */; };
		B631C4762787A25A00A5216A /* TactusNotaApp.swift in Sources */ = {isa = PBXBuildFile; fileRef = B631C4752787A25A00A5216A /* TactusNotaApp.swift */; };
		B631C4782787A25A00A5216A /* ContentView.swift in Sources */ = {isa = PBXBuildFile; fileRef = B631C4772787A25A00A5216A /* ContentView.swift */; };
		B631C47A2787A25B00A5216A /* Assets.xcassets in Resources */ = {isa = PBXBuildFile; fileRef = B631C4792787A25B00A5216A /* Assets.xcassets */; };
		B631C47D2787A25B00A5216A /* Preview Assets.xcassets in Resources */ = {isa = PBXBuildFile; fileRef = B631C47C2787A25B00A5216A /* Preview Assets.xcassets */; };
		B633170E296741E500F3A631 /* ProjectInfoPage.swift in Sources */ = {isa = PBXBuildFile; fileRef = B633170D296741E500F3A631 /* ProjectInfoPage.swift */; };
		B63317102969646200F3A631 /* ClassList.swift in Sources */ = {isa = PBXBuildFile; fileRef = B633170F2969646200F3A631 /* ClassList.swift */; };
		B6331712296A30B700F3A631 /* DataModel.swift in Sources */ = {isa = PBXBuildFile; fileRef = B6331711296A30B700F3A631 /* DataModel.swift */; };
		B6331714296BF0F300F3A631 /* testFileLoader.swift in Sources */ = {isa = PBXBuildFile; fileRef = B6331713296BF0F300F3A631 /* testFileLoader.swift */; };
		B63317162979CB8D00F3A631 /* FolderPicker.swift in Sources */ = {isa = PBXBuildFile; fileRef = B63317152979CB8D00F3A631 /* FolderPicker.swift */; };
		B63317182979D34A00F3A631 /* BookmarkController.swift in Sources */ = {isa = PBXBuildFile; fileRef = B63317172979D34A00F3A631 /* BookmarkController.swift */; };
		B633171B2981080300F3A631 /* FileController.swift in Sources */ = {isa = PBXBuildFile; fileRef = B633171A2981080300F3A631 /* FileController.swift */; };
		B633171D2982589E00F3A631 /* FileBookmarkController.swift in Sources */ = {isa = PBXBuildFile; fileRef = B633171C2982589E00F3A631 /* FileBookmarkController.swift */; };
		B6331727298642ED00F3A631 /* PlayfairDisplay-VariableFont_wght.ttf in Resources */ = {isa = PBXBuildFile; fileRef = B6331726298642ED00F3A631 /* PlayfairDisplay-VariableFont_wght.ttf */; };
		B633172A2986442300F3A631 /* PlayfairDisplay-VariableFont_wght.ttf in Resources */ = {isa = PBXBuildFile; fileRef = B63317292986442300F3A631 /* PlayfairDisplay-VariableFont_wght.ttf */; };
		B676274728A371B200CCBCF9 /* testViewNew.swift in Sources */ = {isa = PBXBuildFile; fileRef = B676274628A371B200CCBCF9 /* testViewNew.swift */; };
		B676274928AEFA5300CCBCF9 /* testview2.swift in Sources */ = {isa = PBXBuildFile; fileRef = B676274828AEFA5300CCBCF9 /* testview2.swift */; };
		B676274D28B940DA00CCBCF9 /* testView4.swift in Sources */ = {isa = PBXBuildFile; fileRef = B676274C28B940DA00CCBCF9 /* testView4.swift */; };
		B676274F28BD46D900CCBCF9 /* testViewNew2.swift in Sources */ = {isa = PBXBuildFile; fileRef = B676274E28BD46D900CCBCF9 /* testViewNew2.swift */; };
		B676275128BFCA5600CCBCF9 /* finalView.swift in Sources */ = {isa = PBXBuildFile; fileRef = B676275028BFCA5600CCBCF9 /* finalView.swift */; };
		B676275328CFD36B00CCBCF9 /* AnnotationView.swift in Sources */ = {isa = PBXBuildFile; fileRef = B676275228CFD36B00CCBCF9 /* AnnotationView.swift */; };
		B6AF0E862891DA9E000F7112 /* testView.swift in Sources */ = {isa = PBXBuildFile; fileRef = B6AF0E852891DA9E000F7112 /* testView.swift */; };
		B6DE7B70285FC93C003A2191 /* ImagePicker.swift in Sources */ = {isa = PBXBuildFile; fileRef = B6DE7B6F285FC93C003A2191 /* ImagePicker.swift */; };
		B6DE7B72285FCEB4003A2191 /* AnnotationViewModel.swift in Sources */ = {isa = PBXBuildFile; fileRef = B6DE7B71285FCEB4003A2191 /* AnnotationViewModel.swift */; };
		B6DE7B742860C110003A2191 /* AnnotationScreen.swift in Sources */ = {isa = PBXBuildFile; fileRef = B6DE7B732860C110003A2191 /* AnnotationScreen.swift */; };
		B6DE7B762860EA89003A2191 /* annotationGestureTN.swift in Sources */ = {isa = PBXBuildFile; fileRef = B6DE7B752860EA89003A2191 /* annotationGestureTN.swift */; };
		B6EB295A2918DB780049A7DD /* image_picker.swift in Sources */ = {isa = PBXBuildFile; fileRef = B6EB29592918DB780049A7DD /* image_picker.swift */; };
/* End PBXBuildFile section */

/* Begin PBXFileReference section */
		B6116D43291A45AC00123494 /* load_project.swift */ = {isa = PBXFileReference; lastKnownFileType = sourcecode.swift; path = load_project.swift; sourceTree = "<group>"; };
		B6116D45291EE46100123494 /* filePicker.swift */ = {isa = PBXFileReference; lastKnownFileType = sourcecode.swift; path = filePicker.swift; sourceTree = "<group>"; };
		B6116D47292863C700123494 /* TNAnnotationSettings.swift */ = {isa = PBXFileReference; lastKnownFileType = sourcecode.swift; path = TNAnnotationSettings.swift; sourceTree = "<group>"; };
		B6116D492939C4FA00123494 /* Item.swift */ = {isa = PBXFileReference; lastKnownFileType = sourcecode.swift; path = Item.swift; sourceTree = "<group>"; };
		B6116D4B2939C76400123494 /* AnnotationModel.swift */ = {isa = PBXFileReference; lastKnownFileType = sourcecode.swift; path = AnnotationModel.swift; sourceTree = "<group>"; };
		B631C4722787A25A00A5216A /* TactusNota.app */ = {isa = PBXFileReference; explicitFileType = wrapper.application; includeInIndex = 0; path = TactusNota.app; sourceTree = BUILT_PRODUCTS_DIR; };
		B631C4752787A25A00A5216A /* TactusNotaApp.swift */ = {isa = PBXFileReference; lastKnownFileType = sourcecode.swift; path = TactusNotaApp.swift; sourceTree = "<group>"; };
		B631C4772787A25A00A5216A /* ContentView.swift */ = {isa = PBXFileReference; lastKnownFileType = sourcecode.swift; path = ContentView.swift; sourceTree = "<group>"; };
		B631C4792787A25B00A5216A /* Assets.xcassets */ = {isa = PBXFileReference; lastKnownFileType = folder.assetcatalog; path = Assets.xcassets; sourceTree = "<group>"; };
		B631C47C2787A25B00A5216A /* Preview Assets.xcassets */ = {isa = PBXFileReference; lastKnownFileType = folder.assetcatalog; path = "Preview Assets.xcassets"; sourceTree = "<group>"; };
		B633170D296741E500F3A631 /* ProjectInfoPage.swift */ = {isa = PBXFileReference; lastKnownFileType = sourcecode.swift; path = ProjectInfoPage.swift; sourceTree = "<group>"; };
		B633170F2969646200F3A631 /* ClassList.swift */ = {isa = PBXFileReference; lastKnownFileType = sourcecode.swift; path = ClassList.swift; sourceTree = "<group>"; };
		B6331711296A30B700F3A631 /* DataModel.swift */ = {isa = PBXFileReference; lastKnownFileType = sourcecode.swift; path = DataModel.swift; sourceTree = "<group>"; };
		B6331713296BF0F300F3A631 /* testFileLoader.swift */ = {isa = PBXFileReference; lastKnownFileType = sourcecode.swift; path = testFileLoader.swift; sourceTree = "<group>"; };
		B63317152979CB8D00F3A631 /* FolderPicker.swift */ = {isa = PBXFileReference; lastKnownFileType = sourcecode.swift; path = FolderPicker.swift; sourceTree = "<group>"; };
		B63317172979D34A00F3A631 /* BookmarkController.swift */ = {isa = PBXFileReference; lastKnownFileType = sourcecode.swift; path = BookmarkController.swift; sourceTree = "<group>"; };
		B6331719297A783200F3A631 /* TactusNota.entitlements */ = {isa = PBXFileReference; lastKnownFileType = text.plist.entitlements; path = TactusNota.entitlements; sourceTree = "<group>"; };
		B633171A2981080300F3A631 /* FileController.swift */ = {isa = PBXFileReference; lastKnownFileType = sourcecode.swift; path = FileController.swift; sourceTree = "<group>"; };
		B633171C2982589E00F3A631 /* FileBookmarkController.swift */ = {isa = PBXFileReference; lastKnownFileType = sourcecode.swift; path = FileBookmarkController.swift; sourceTree = "<group>"; };
		B633172129863FAC00F3A631 /* Roboto-Bold.ttf */ = {isa = PBXFileReference; lastKnownFileType = file; path = "Roboto-Bold.ttf"; sourceTree = "<group>"; };
		B633172229863FB000F3A631 /* Roboto-Regular.ttf */ = {isa = PBXFileReference; lastKnownFileType = file; path = "Roboto-Regular.ttf"; sourceTree = "<group>"; };
		B633172329863FB200F3A631 /* Roboto-Medium.ttf */ = {isa = PBXFileReference; lastKnownFileType = file; path = "Roboto-Medium.ttf"; sourceTree = "<group>"; };
		B6331724298641A500F3A631 /* Info.plist */ = {isa = PBXFileReference; lastKnownFileType = text.plist; path = Info.plist; sourceTree = "<group>"; };
		B6331726298642ED00F3A631 /* PlayfairDisplay-VariableFont_wght.ttf */ = {isa = PBXFileReference; lastKnownFileType = file; path = "PlayfairDisplay-VariableFont_wght.ttf"; sourceTree = "<group>"; };
		B6331728298643E900F3A631 /* PlayfairDisplay-Italic-VariableFont_wght.ttf */ = {isa = PBXFileReference; lastKnownFileType = file; path = "PlayfairDisplay-Italic-VariableFont_wght.ttf"; sourceTree = "<group>"; };
		B63317292986442300F3A631 /* PlayfairDisplay-VariableFont_wght.ttf */ = {isa = PBXFileReference; lastKnownFileType = file; path = "PlayfairDisplay-VariableFont_wght.ttf"; sourceTree = "<group>"; };
		B676274628A371B200CCBCF9 /* testViewNew.swift */ = {isa = PBXFileReference; lastKnownFileType = sourcecode.swift; path = testViewNew.swift; sourceTree = "<group>"; };
		B676274828AEFA5300CCBCF9 /* testview2.swift */ = {isa = PBXFileReference; lastKnownFileType = sourcecode.swift; path = testview2.swift; sourceTree = "<group>"; };
		B676274C28B940DA00CCBCF9 /* testView4.swift */ = {isa = PBXFileReference; lastKnownFileType = sourcecode.swift; path = testView4.swift; sourceTree = "<group>"; };
		B676274E28BD46D900CCBCF9 /* testViewNew2.swift */ = {isa = PBXFileReference; lastKnownFileType = sourcecode.swift; path = testViewNew2.swift; sourceTree = "<group>"; };
		B676275028BFCA5600CCBCF9 /* finalView.swift */ = {isa = PBXFileReference; lastKnownFileType = sourcecode.swift; path = finalView.swift; sourceTree = "<group>"; };
		B676275228CFD36B00CCBCF9 /* AnnotationView.swift */ = {isa = PBXFileReference; lastKnownFileType = sourcecode.swift; path = AnnotationView.swift; sourceTree = "<group>"; };
		B6AF0E852891DA9E000F7112 /* testView.swift */ = {isa = PBXFileReference; lastKnownFileType = sourcecode.swift; path = testView.swift; sourceTree = "<group>"; };
		B6DE7B6F285FC93C003A2191 /* ImagePicker.swift */ = {isa = PBXFileReference; lastKnownFileType = sourcecode.swift; path = ImagePicker.swift; sourceTree = "<group>"; };
		B6DE7B71285FCEB4003A2191 /* AnnotationViewModel.swift */ = {isa = PBXFileReference; lastKnownFileType = sourcecode.swift; path = AnnotationViewModel.swift; sourceTree = "<group>"; };
		B6DE7B732860C110003A2191 /* AnnotationScreen.swift */ = {isa = PBXFileReference; lastKnownFileType = sourcecode.swift; path = AnnotationScreen.swift; sourceTree = "<group>"; };
		B6DE7B752860EA89003A2191 /* annotationGestureTN.swift */ = {isa = PBXFileReference; lastKnownFileType = sourcecode.swift; path = annotationGestureTN.swift; sourceTree = "<group>"; };
		B6EB29592918DB780049A7DD /* image_picker.swift */ = {isa = PBXFileReference; lastKnownFileType = sourcecode.swift; path = image_picker.swift; sourceTree = "<group>"; };
/* End PBXFileReference section */

/* Begin PBXFrameworksBuildPhase section */
		B631C46F2787A25A00A5216A /* Frameworks */ = {
			isa = PBXFrameworksBuildPhase;
			buildActionMask = 2147483647;
			files = (
			);
			runOnlyForDeploymentPostprocessing = 0;
		};
/* End PBXFrameworksBuildPhase section */

/* Begin PBXGroup section */
		B631C4692787A25900A5216A = {
			isa = PBXGroup;
			children = (
				B633171C2982589E00F3A631 /* FileBookmarkController.swift */,
				B633171A2981080300F3A631 /* FileController.swift */,
				B6331713296BF0F300F3A631 /* testFileLoader.swift */,
				B6331711296A30B700F3A631 /* DataModel.swift */,
				B6116D492939C4FA00123494 /* Item.swift */,
				B6116D47292863C700123494 /* TNAnnotationSettings.swift */,
				B6116D45291EE46100123494 /* filePicker.swift */,
				B676275028BFCA5600CCBCF9 /* finalView.swift */,
				B6EB29592918DB780049A7DD /* image_picker.swift */,
				B6116D43291A45AC00123494 /* load_project.swift */,
				B676274C28B940DA00CCBCF9 /* testView4.swift */,
				B676274828AEFA5300CCBCF9 /* testview2.swift */,
				B676274628A371B200CCBCF9 /* testViewNew.swift */,
				B676274E28BD46D900CCBCF9 /* testViewNew2.swift */,
				B631C4742787A25A00A5216A /* TactusNota */,
				B631C4732787A25A00A5216A /* Products */,
			);
			sourceTree = "<group>";
		};
		B631C4732787A25A00A5216A /* Products */ = {
			isa = PBXGroup;
			children = (
				B631C4722787A25A00A5216A /* TactusNota.app */,
			);
			name = Products;
			sourceTree = "<group>";
		};
		B631C4742787A25A00A5216A /* TactusNota */ = {
			isa = PBXGroup;
			children = (
				B6331724298641A500F3A631 /* Info.plist */,
				B633171E29863F1700F3A631 /* app_fonts */,
				B6331719297A783200F3A631 /* TactusNota.entitlements */,
				B631C4752787A25A00A5216A /* TactusNotaApp.swift */,
				B6116D4B2939C76400123494 /* AnnotationModel.swift */,
				B633170D296741E500F3A631 /* ProjectInfoPage.swift */,
				B63317152979CB8D00F3A631 /* FolderPicker.swift */,
				B63317172979D34A00F3A631 /* BookmarkController.swift */,
				B633170F2969646200F3A631 /* ClassList.swift */,
				B631C4772787A25A00A5216A /* ContentView.swift */,
				B676275228CFD36B00CCBCF9 /* AnnotationView.swift */,
				B6DE7B6F285FC93C003A2191 /* ImagePicker.swift */,
				B6DE7B71285FCEB4003A2191 /* AnnotationViewModel.swift */,
				B631C4792787A25B00A5216A /* Assets.xcassets */,
				B631C47B2787A25B00A5216A /* Preview Content */,
				B6DE7B732860C110003A2191 /* AnnotationScreen.swift */,
				B6DE7B752860EA89003A2191 /* annotationGestureTN.swift */,
				B6AF0E852891DA9E000F7112 /* testView.swift */,
			);
			path = TactusNota;
			sourceTree = "<group>";
		};
		B631C47B2787A25B00A5216A /* Preview Content */ = {
			isa = PBXGroup;
			children = (
				B631C47C2787A25B00A5216A /* Preview Assets.xcassets */,
			);
			path = "Preview Content";
			sourceTree = "<group>";
		};
		B633171E29863F1700F3A631 /* app_fonts */ = {
			isa = PBXGroup;
			children = (
				B633172129863FAC00F3A631 /* Roboto-Bold.ttf */,
				B633172229863FB000F3A631 /* Roboto-Regular.ttf */,
				B6331728298643E900F3A631 /* PlayfairDisplay-Italic-VariableFont_wght.ttf */,
				B6331726298642ED00F3A631 /* PlayfairDisplay-VariableFont_wght.ttf */,
				B63317292986442300F3A631 /* PlayfairDisplay-VariableFont_wght.ttf */,
				B633172329863FB200F3A631 /* Roboto-Medium.ttf */,
			);
			path = app_fonts;
			sourceTree = "<group>";
		};
/* End PBXGroup section */

/* Begin PBXNativeTarget section */
		B631C4712787A25A00A5216A /* TactusNota */ = {
			isa = PBXNativeTarget;
			buildConfigurationList = B631C4802787A25B00A5216A /* Build configuration list for PBXNativeTarget "TactusNota" */;
			buildPhases = (
				B631C46E2787A25A00A5216A /* Sources */,
				B631C46F2787A25A00A5216A /* Frameworks */,
				B631C4702787A25A00A5216A /* Resources */,
			);
			buildRules = (
			);
			dependencies = (
			);
			name = TactusNota;
			productName = TactusNota;
			productReference = B631C4722787A25A00A5216A /* TactusNota.app */;
			productType = "com.apple.product-type.application";
		};
/* End PBXNativeTarget section */

/* Begin PBXProject section */
		B631C46A2787A25900A5216A /* Project object */ = {
			isa = PBXProject;
			attributes = {
				BuildIndependentTargetsInParallel = 1;
				LastSwiftUpdateCheck = 1300;
				LastUpgradeCheck = 1300;
				TargetAttributes = {
					B631C4712787A25A00A5216A = {
						CreatedOnToolsVersion = 13.0;
					};
				};
			};
			buildConfigurationList = B631C46D2787A25900A5216A /* Build configuration list for PBXProject "TactusNota" */;
			compatibilityVersion = "Xcode 13.0";
			developmentRegion = en;
			hasScannedForEncodings = 0;
			knownRegions = (
				en,
				Base,
			);
			mainGroup = B631C4692787A25900A5216A;
			productRefGroup = B631C4732787A25A00A5216A /* Products */;
			projectDirPath = "";
			projectRoot = "";
			targets = (
				B631C4712787A25A00A5216A /* TactusNota */,
			);
		};
/* End PBXProject section */

/* Begin PBXResourcesBuildPhase section */
		B631C4702787A25A00A5216A /* Resources */ = {
			isa = PBXResourcesBuildPhase;
			buildActionMask = 2147483647;
			files = (
				B631C47D2787A25B00A5216A /* Preview Assets.xcassets in Resources */,
				B6331727298642ED00F3A631 /* PlayfairDisplay-VariableFont_wght.ttf in Resources */,
				B633172A2986442300F3A631 /* PlayfairDisplay-VariableFont_wght.ttf in Resources */,
				B631C47A2787A25B00A5216A /* Assets.xcassets in Resources */,
			);
			runOnlyForDeploymentPostprocessing = 0;
		};
/* End PBXResourcesBuildPhase section */

/* Begin PBXSourcesBuildPhase section */
		B631C46E2787A25A00A5216A /* Sources */ = {
			isa = PBXSourcesBuildPhase;
			buildActionMask = 2147483647;
			files = (
				B633170E296741E500F3A631 /* ProjectInfoPage.swift in Sources */,
				B633171B2981080300F3A631 /* FileController.swift in Sources */,
				B6DE7B762860EA89003A2191 /* annotationGestureTN.swift in Sources */,
				B63317102969646200F3A631 /* ClassList.swift in Sources */,
				B6331714296BF0F300F3A631 /* testFileLoader.swift in Sources */,
				B676274728A371B200CCBCF9 /* testViewNew.swift in Sources */,
				B6AF0E862891DA9E000F7112 /* testView.swift in Sources */,
				B6EB295A2918DB780049A7DD /* image_picker.swift in Sources */,
				B633171D2982589E00F3A631 /* FileBookmarkController.swift in Sources */,
				B676275328CFD36B00CCBCF9 /* AnnotationView.swift in Sources */,
				B6DE7B70285FC93C003A2191 /* ImagePicker.swift in Sources */,
				B676275128BFCA5600CCBCF9 /* finalView.swift in Sources */,
				B63317182979D34A00F3A631 /* BookmarkController.swift in Sources */,
				B6116D44291A45AC00123494 /* load_project.swift in Sources */,
				B631C4782787A25A00A5216A /* ContentView.swift in Sources */,
				B6116D46291EE46100123494 /* filePicker.swift in Sources */,
				B6116D4A2939C4FA00123494 /* Item.swift in Sources */,
				B6331712296A30B700F3A631 /* DataModel.swift in Sources */,
				B63317162979CB8D00F3A631 /* FolderPicker.swift in Sources */,
				B676274D28B940DA00CCBCF9 /* testView4.swift in Sources */,
				B631C4762787A25A00A5216A /* TactusNotaApp.swift in Sources */,
				B676274F28BD46D900CCBCF9 /* testViewNew2.swift in Sources */,
				B6DE7B742860C110003A2191 /* AnnotationScreen.swift in Sources */,
				B676274928AEFA5300CCBCF9 /* testview2.swift in Sources */,
				B6116D4C2939C76400123494 /* AnnotationModel.swift in Sources */,
				B6116D48292863C700123494 /* TNAnnotationSettings.swift in Sources */,
				B6DE7B72285FCEB4003A2191 /* AnnotationViewModel.swift in Sources */,
			);
			runOnlyForDeploymentPostprocessing = 0;
		};
/* End PBXSourcesBuildPhase section */

/* Begin XCBuildConfiguration section */
		B631C47E2787A25B00A5216A /* Debug */ = {
			isa = XCBuildConfiguration;
			buildSettings = {
				ALWAYS_SEARCH_USER_PATHS = NO;
				CLANG_ANALYZER_NONNULL = YES;
				CLANG_ANALYZER_NUMBER_OBJECT_CONVERSION = YES_AGGRESSIVE;
				CLANG_CXX_LANGUAGE_STANDARD = "gnu++17";
				CLANG_CXX_LIBRARY = "libc++";
				CLANG_ENABLE_MODULES = YES;
				CLANG_ENABLE_OBJC_ARC = YES;
				CLANG_ENABLE_OBJC_WEAK = YES;
				CLANG_WARN_BLOCK_CAPTURE_AUTORELEASING = YES;
				CLANG_WARN_BOOL_CONVERSION = YES;
				CLANG_WARN_COMMA = YES;
				CLANG_WARN_CONSTANT_CONVERSION = YES;
				CLANG_WARN_DEPRECATED_OBJC_IMPLEMENTATIONS = YES;
				CLANG_WARN_DIRECT_OBJC_ISA_USAGE = YES_ERROR;
				CLANG_WARN_DOCUMENTATION_COMMENTS = YES;
				CLANG_WARN_EMPTY_BODY = YES;
				CLANG_WARN_ENUM_CONVERSION = YES;
				CLANG_WARN_INFINITE_RECURSION = YES;
				CLANG_WARN_INT_CONVERSION = YES;
				CLANG_WARN_NON_LITERAL_NULL_CONVERSION = YES;
				CLANG_WARN_OBJC_IMPLICIT_RETAIN_SELF = YES;
				CLANG_WARN_OBJC_LITERAL_CONVERSION = YES;
				CLANG_WARN_OBJC_ROOT_CLASS = YES_ERROR;
				CLANG_WARN_QUOTED_INCLUDE_IN_FRAMEWORK_HEADER = YES;
				CLANG_WARN_RANGE_LOOP_ANALYSIS = YES;
				CLANG_WARN_STRICT_PROTOTYPES = YES;
				CLANG_WARN_SUSPICIOUS_MOVE = YES;
				CLANG_WARN_UNGUARDED_AVAILABILITY = YES_AGGRESSIVE;
				CLANG_WARN_UNREACHABLE_CODE = YES;
				CLANG_WARN__DUPLICATE_METHOD_MATCH = YES;
				COPY_PHASE_STRIP = NO;
				DEBUG_INFORMATION_FORMAT = dwarf;
				ENABLE_STRICT_OBJC_MSGSEND = YES;
				ENABLE_TESTABILITY = YES;
				GCC_C_LANGUAGE_STANDARD = gnu11;
				GCC_DYNAMIC_NO_PIC = NO;
				GCC_NO_COMMON_BLOCKS = YES;
				GCC_OPTIMIZATION_LEVEL = 0;
				GCC_PREPROCESSOR_DEFINITIONS = (
					"DEBUG=1",
					"$(inherited)",
				);
				GCC_WARN_64_TO_32_BIT_CONVERSION = YES;
				GCC_WARN_ABOUT_RETURN_TYPE = YES_ERROR;
				GCC_WARN_UNDECLARED_SELECTOR = YES;
				GCC_WARN_UNINITIALIZED_AUTOS = YES_AGGRESSIVE;
				GCC_WARN_UNUSED_FUNCTION = YES;
				GCC_WARN_UNUSED_VARIABLE = YES;
				IPHONEOS_DEPLOYMENT_TARGET = 15.0;
				MTL_ENABLE_DEBUG_INFO = INCLUDE_SOURCE;
				MTL_FAST_MATH = YES;
				ONLY_ACTIVE_ARCH = YES;
				SDKROOT = iphoneos;
				SWIFT_ACTIVE_COMPILATION_CONDITIONS = DEBUG;
				SWIFT_OPTIMIZATION_LEVEL = "-Onone";
			};
			name = Debug;
		};
		B631C47F2787A25B00A5216A /* Release */ = {
			isa = XCBuildConfiguration;
			buildSettings = {
				ALWAYS_SEARCH_USER_PATHS = NO;
				CLANG_ANALYZER_NONNULL = YES;
				CLANG_ANALYZER_NUMBER_OBJECT_CONVERSION = YES_AGGRESSIVE;
				CLANG_CXX_LANGUAGE_STANDARD = "gnu++17";
				CLANG_CXX_LIBRARY = "libc++";
				CLANG_ENABLE_MODULES = YES;
				CLANG_ENABLE_OBJC_ARC = YES;
				CLANG_ENABLE_OBJC_WEAK = YES;
				CLANG_WARN_BLOCK_CAPTURE_AUTORELEASING = YES;
				CLANG_WARN_BOOL_CONVERSION = YES;
				CLANG_WARN_COMMA = YES;
				CLANG_WARN_CONSTANT_CONVERSION = YES;
				CLANG_WARN_DEPRECATED_OBJC_IMPLEMENTATIONS = YES;
				CLANG_WARN_DIRECT_OBJC_ISA_USAGE = YES_ERROR;
				CLANG_WARN_DOCUMENTATION_COMMENTS = YES;
				CLANG_WARN_EMPTY_BODY = YES;
				CLANG_WARN_ENUM_CONVERSION = YES;
				CLANG_WARN_INFINITE_RECURSION = YES;
				CLANG_WARN_INT_CONVERSION = YES;
				CLANG_WARN_NON_LITERAL_NULL_CONVERSION = YES;
				CLANG_WARN_OBJC_IMPLICIT_RETAIN_SELF = YES;
				CLANG_WARN_OBJC_LITERAL_CONVERSION = YES;
				CLANG_WARN_OBJC_ROOT_CLASS = YES_ERROR;
				CLANG_WARN_QUOTED_INCLUDE_IN_FRAMEWORK_HEADER = YES;
				CLANG_WARN_RANGE_LOOP_ANALYSIS = YES;
				CLANG_WARN_STRICT_PROTOTYPES = YES;
				CLANG_WARN_SUSPICIOUS_MOVE = YES;
				CLANG_WARN_UNGUARDED_AVAILABILITY = YES_AGGRESSIVE;
				CLANG_WARN_UNREACHABLE_CODE = YES;
				CLANG_WARN__DUPLICATE_METHOD_MATCH = YES;
				COPY_PHASE_STRIP = NO;
				DEBUG_INFORMATION_FORMAT = "dwarf-with-dsym";
				ENABLE_NS_ASSERTIONS = NO;
				ENABLE_STRICT_OBJC_MSGSEND = YES;
				GCC_C_LANGUAGE_STANDARD = gnu11;
				GCC_NO_COMMON_BLOCKS = YES;
				GCC_WARN_64_TO_32_BIT_CONVERSION = YES;
				GCC_WARN_ABOUT_RETURN_TYPE = YES_ERROR;
				GCC_WARN_UNDECLARED_SELECTOR = YES;
				GCC_WARN_UNINITIALIZED_AUTOS = YES_AGGRESSIVE;
				GCC_WARN_UNUSED_FUNCTION = YES;
				GCC_WARN_UNUSED_VARIABLE = YES;
				IPHONEOS_DEPLOYMENT_TARGET = 15.0;
				MTL_ENABLE_DEBUG_INFO = NO;
				MTL_FAST_MATH = YES;
				SDKROOT = iphoneos;
				SWIFT_COMPILATION_MODE = wholemodule;
				SWIFT_OPTIMIZATION_LEVEL = "-O";
				VALIDATE_PRODUCT = YES;
			};
			name = Release;
		};
		B631C4812787A25B00A5216A /* Debug */ = {
			isa = XCBuildConfiguration;
			buildSettings = {
				ALLOW_TARGET_PLATFORM_SPECIALIZATION = YES;
				ASSETCATALOG_COMPILER_APPICON_NAME = AppIcon;
				ASSETCATALOG_COMPILER_GLOBAL_ACCENT_COLOR_NAME = AccentColor;
				CODE_SIGN_ENTITLEMENTS = TactusNota/TactusNota.entitlements;
				CODE_SIGN_STYLE = Automatic;
				CURRENT_PROJECT_VERSION = 1;
				DEVELOPMENT_ASSET_PATHS = "\"TactusNota/Preview Content\"";
				DEVELOPMENT_TEAM = 5UKAMTZF8J;
				"ENABLE_HARDENED_RUNTIME[sdk=macosx*]" = YES;
				ENABLE_PREVIEWS = YES;
				EXCLUDED_ARCHS = "";
				GENERATE_INFOPLIST_FILE = YES;
				INFOPLIST_FILE = TactusNota/Info.plist;
				INFOPLIST_KEY_UIApplicationSceneManifest_Generation = YES;
				INFOPLIST_KEY_UIApplicationSupportsIndirectInputEvents = YES;
				INFOPLIST_KEY_UILaunchScreen_Generation = YES;
				INFOPLIST_KEY_UISupportedInterfaceOrientations_iPad = "UIInterfaceOrientationPortrait UIInterfaceOrientationPortraitUpsideDown UIInterfaceOrientationLandscapeLeft UIInterfaceOrientationLandscapeRight";
				INFOPLIST_KEY_UISupportedInterfaceOrientations_iPhone = "UIInterfaceOrientationPortrait UIInterfaceOrientationLandscapeLeft UIInterfaceOrientationLandscapeRight";
				IPHONEOS_DEPLOYMENT_TARGET = 16.0;
				LD_RUNPATH_SEARCH_PATHS = (
					"$(inherited)",
					"@executable_path/Frameworks",
				);
				MARKETING_VERSION = 1.0;
				PRODUCT_BUNDLE_IDENTIFIER = com.fieldoptimus.TactusNota;
				PRODUCT_NAME = "$(TARGET_NAME)";
				SUPPORTED_PLATFORMS = "iphonesimulator iphoneos";
				SUPPORTS_MACCATALYST = YES;
				SWIFT_EMIT_LOC_STRINGS = YES;
				SWIFT_VERSION = 5.0;
				TARGETED_DEVICE_FAMILY = 2;
			};
			name = Debug;
		};
		B631C4822787A25B00A5216A /* Release */ = {
			isa = XCBuildConfiguration;
			buildSettings = {
				ALLOW_TARGET_PLATFORM_SPECIALIZATION = YES;
				ASSETCATALOG_COMPILER_APPICON_NAME = AppIcon;
				ASSETCATALOG_COMPILER_GLOBAL_ACCENT_COLOR_NAME = AccentColor;
				CODE_SIGN_ENTITLEMENTS = TactusNota/TactusNota.entitlements;
				CODE_SIGN_STYLE = Automatic;
				CURRENT_PROJECT_VERSION = 1;
				DEVELOPMENT_ASSET_PATHS = "\"TactusNota/Preview Content\"";
				DEVELOPMENT_TEAM = 5UKAMTZF8J;
				"ENABLE_HARDENED_RUNTIME[sdk=macosx*]" = YES;
				ENABLE_PREVIEWS = YES;
				EXCLUDED_ARCHS = "";
				GENERATE_INFOPLIST_FILE = YES;
				INFOPLIST_FILE = TactusNota/Info.plist;
				INFOPLIST_KEY_UIApplicationSceneManifest_Generation = YES;
				INFOPLIST_KEY_UIApplicationSupportsIndirectInputEvents = YES;
				INFOPLIST_KEY_UILaunchScreen_Generation = YES;
				INFOPLIST_KEY_UISupportedInterfaceOrientations_iPad = "UIInterfaceOrientationPortrait UIInterfaceOrientationPortraitUpsideDown UIInterfaceOrientationLandscapeLeft UIInterfaceOrientationLandscapeRight";
				INFOPLIST_KEY_UISupportedInterfaceOrientations_iPhone = "UIInterfaceOrientationPortrait UIInterfaceOrientationLandscapeLeft UIInterfaceOrientationLandscapeRight";
				IPHONEOS_DEPLOYMENT_TARGET = 16.0;
				LD_RUNPATH_SEARCH_PATHS = (
					"$(inherited)",
					"@executable_path/Frameworks",
				);
				MARKETING_VERSION = 1.0;
				PRODUCT_BUNDLE_IDENTIFIER = com.fieldoptimus.TactusNota;
				PRODUCT_NAME = "$(TARGET_NAME)";
				SUPPORTED_PLATFORMS = "iphonesimulator iphoneos";
				SUPPORTS_MACCATALYST = YES;
				SWIFT_EMIT_LOC_STRINGS = YES;
				SWIFT_VERSION = 5.0;
				TARGETED_DEVICE_FAMILY = 2;
			};
			name = Release;
		};
/* End XCBuildConfiguration section */

/* Begin XCConfigurationList section */
		B631C46D2787A25900A5216A /* Build configuration list for PBXProject "TactusNota" */ = {
			isa = XCConfigurationList;
			buildConfigurations = (
				B631C47E2787A25B00A5216A /* Debug */,
				B631C47F2787A25B00A5216A /* Release */,
			);
			defaultConfigurationIsVisible = 0;
			defaultConfigurationName = Release;
		};
		B631C4802787A25B00A5216A /* Build configuration list for PBXNativeTarget "TactusNota" */ = {
			isa = XCConfigurationList;
			buildConfigurations = (
				B631C4812787A25B00A5216A /* Debug */,
				B631C4822787A25B00A5216A /* Release */,
			);
			defaultConfigurationIsVisible = 0;
			defaultConfigurationName = Release;
		};
/* End XCConfigurationList section */
	};
	rootObject = B631C46A2787A25900A5216A /* Project object */;
}
